
Microsoft Visual Studio Solution File, Format Version 12.00
# Visual Studio Version 16
VisualStudioVersion = 16.0.31515.178
MinimumVisualStudioVersion = 10.0.40219.1
Project("{FAE04EC0-301F-11D3-BF4B-00C04F79EFBC}") = "WordUnscrambler", "WordUnscrambler.csproj", "{D727F94D-0DF6-45DF-A631-45AA6365689F}"
EndProject
Project("{FAE04EC0-301F-11D3-BF4B-00C04F79EFBC}") = "WordUnscrambler.Test.Unit", "..\WordUnscrambler.Test.Unit\WordUnscrambler.Test.Unit.csproj", "{47324A96-6C5C-4EC4-B5B8-5032D5C0A8EE}"
EndProject
Global
	GlobalSection(SolutionConfigurationPlatforms) = preSolution
		Debug|Any CPU = Debug|Any CPU
		Release|Any CPU = Release|Any CPU
	EndGlobalSection
	GlobalSection(ProjectConfigurationPlatforms) = postSolution
		{D727F94D-0DF6-45DF-A631-45AA6365689F}.Debug|Any CPU.ActiveCfg = Debug|Any CPU
		{D727F94D-0DF6-45DF-A631-45AA6365689F}.Debug|Any CPU.Build.0 = Debug|Any CPU
		{D727F94D-0DF6-45DF-A631-45AA6365689F}.Release|Any CPU.ActiveCfg = Release|Any CPU
		{D727F94D-0DF6-45DF-A631-45AA6365689F}.Release|Any CPU.Build.0 = Release|Any CPU
		{47324A96-6C5C-4EC4-B5B8-5032D5C0A8EE}.Debug|Any CPU.ActiveCfg = Debug|Any CPU
		{47324A96-6C5C-4EC4-B5B8-5032D5C0A8EE}.Debug|Any CPU.Build.0 = Debug|Any CPU
		{47324A96-6C5C-4EC4-B5B8-5032D5C0A8EE}.Release|Any CPU.ActiveCfg = Release|Any CPU
		{47324A96-6C5C-4EC4-B5B8-5032D5C0A8EE}.Release|Any CPU.Build.0 = Release|Any CPU
	EndGlobalSection
	GlobalSection(SolutionProperties) = preSolution
		HideSolutionNode = FALSE
	EndGlobalSection
	GlobalSection(ExtensibilityGlobals) = postSolution
		SolutionGuid = {048DF34A-2BC2-4EBA-9B52-670C2DD548A6}
	EndGlobalSection
EndGlobal
